// !$*UTF8*$!
{
	archiveVersion = 1;
	classes = {
	};
	objectVersion = 56;
	objects = {

/* Begin PBXBuildFile section */
		A0E3929A29196BC100D5F991 /* AppDelegate.swift in Sources */ = {isa = PBXBuildFile; fileRef = A0E3929929196BC100D5F991 /* AppDelegate.swift */; };
		A0E3929C29196BC100D5F991 /* SceneDelegate.swift in Sources */ = {isa = PBXBuildFile; fileRef = A0E3929B29196BC100D5F991 /* SceneDelegate.swift */; };
		A0E3929F29196BC100D5F991 /* LaunchScreen.storyboard in Resources */ = {isa = PBXBuildFile; fileRef = A0E3929D29196BC100D5F991 /* LaunchScreen.storyboard */; };
		A0E392A229196BC100D5F991 /* Main.storyboard in Resources */ = {isa = PBXBuildFile; fileRef = A0E392A029196BC100D5F991 /* Main.storyboard */; };
		A0E392AB29196BC100D5F991 /* AppDelegate.swift in Sources */ = {isa = PBXBuildFile; fileRef = A0E392AA29196BC100D5F991 /* AppDelegate.swift */; };
		A0E392AE29196BC100D5F991 /* Main.storyboard in Resources */ = {isa = PBXBuildFile; fileRef = A0E392AC29196BC100D5F991 /* Main.storyboard */; };
		A0E392B629196BC100D5F991 /* Nontent Extension Extension.appex in Embed Foundation Extensions */ = {isa = PBXBuildFile; fileRef = A0E392B529196BC100D5F991 /* Nontent Extension Extension.appex */; settings = {ATTRIBUTES = (RemoveHeadersOnCopy, ); }; };
		A0E392C029196BC100D5F991 /* Nontent Extension Extension.appex in Embed Foundation Extensions */ = {isa = PBXBuildFile; fileRef = A0E392BF29196BC100D5F991 /* Nontent Extension Extension.appex */; settings = {ATTRIBUTES = (RemoveHeadersOnCopy, ); }; };
		A0E392C629196BC100D5F991 /* Main.html in Resources */ = {isa = PBXBuildFile; fileRef = A0E3928929196BC100D5F991 /* Main.html */; };
		A0E392C729196BC100D5F991 /* Main.html in Resources */ = {isa = PBXBuildFile; fileRef = A0E3928929196BC100D5F991 /* Main.html */; };
		A0E392C829196BC100D5F991 /* Icon.png in Resources */ = {isa = PBXBuildFile; fileRef = A0E3928B29196BC100D5F991 /* Icon.png */; };
		A0E392C929196BC100D5F991 /* Icon.png in Resources */ = {isa = PBXBuildFile; fileRef = A0E3928B29196BC100D5F991 /* Icon.png */; };
		A0E392CA29196BC100D5F991 /* Style.css in Resources */ = {isa = PBXBuildFile; fileRef = A0E3928C29196BC100D5F991 /* Style.css */; };
		A0E392CB29196BC100D5F991 /* Style.css in Resources */ = {isa = PBXBuildFile; fileRef = A0E3928C29196BC100D5F991 /* Style.css */; };
		A0E392CC29196BC100D5F991 /* Script.js in Resources */ = {isa = PBXBuildFile; fileRef = A0E3928D29196BC100D5F991 /* Script.js */; };
		A0E392CD29196BC100D5F991 /* Script.js in Resources */ = {isa = PBXBuildFile; fileRef = A0E3928D29196BC100D5F991 /* Script.js */; };
		A0E392CE29196BC100D5F991 /* ViewController.swift in Sources */ = {isa = PBXBuildFile; fileRef = A0E3928E29196BC100D5F991 /* ViewController.swift */; };
		A0E392CF29196BC100D5F991 /* ViewController.swift in Sources */ = {isa = PBXBuildFile; fileRef = A0E3928E29196BC100D5F991 /* ViewController.swift */; };
		A0E392D029196BC100D5F991 /* Assets.xcassets in Resources */ = {isa = PBXBuildFile; fileRef = A0E3928F29196BC100D5F991 /* Assets.xcassets */; };
		A0E392D129196BC100D5F991 /* Assets.xcassets in Resources */ = {isa = PBXBuildFile; fileRef = A0E3928F29196BC100D5F991 /* Assets.xcassets */; };
		A0E392D229196BC100D5F991 /* SafariWebExtensionHandler.swift in Sources */ = {isa = PBXBuildFile; fileRef = A0E3929129196BC100D5F991 /* SafariWebExtensionHandler.swift */; };
		A0E392D329196BC100D5F991 /* SafariWebExtensionHandler.swift in Sources */ = {isa = PBXBuildFile; fileRef = A0E3929129196BC100D5F991 /* SafariWebExtensionHandler.swift */; };
		A0E392EA29196BC200D5F991 /* popup in Resources */ = {isa = PBXBuildFile; fileRef = A0E392E529196BC200D5F991 /* popup */; };
		A0E392EB29196BC200D5F991 /* background.js in Resources */ = {isa = PBXBuildFile; fileRef = A0E392E629196BC200D5F991 /* background.js */; };
		A0E392EC29196BC200D5F991 /* images in Resources */ = {isa = PBXBuildFile; fileRef = A0E392E729196BC200D5F991 /* images */; };
		A0E392ED29196BC200D5F991 /* scripts in Resources */ = {isa = PBXBuildFile; fileRef = A0E392E829196BC200D5F991 /* scripts */; };
		A0E392EE29196BC200D5F991 /* manifest.json in Resources */ = {isa = PBXBuildFile; fileRef = A0E392E929196BC200D5F991 /* manifest.json */; };
		A0E392EF29196BC200D5F991 /* popup in Resources */ = {isa = PBXBuildFile; fileRef = A0E392E529196BC200D5F991 /* popup */; };
		A0E392F029196BC200D5F991 /* background.js in Resources */ = {isa = PBXBuildFile; fileRef = A0E392E629196BC200D5F991 /* background.js */; };
		A0E392F129196BC200D5F991 /* images in Resources */ = {isa = PBXBuildFile; fileRef = A0E392E729196BC200D5F991 /* images */; };
		A0E392F229196BC200D5F991 /* scripts in Resources */ = {isa = PBXBuildFile; fileRef = A0E392E829196BC200D5F991 /* scripts */; };
		A0E392F329196BC200D5F991 /* manifest.json in Resources */ = {isa = PBXBuildFile; fileRef = A0E392E929196BC200D5F991 /* manifest.json */; };
/* End PBXBuildFile section */

/* Begin PBXContainerItemProxy section */
		A0E392B729196BC100D5F991 /* PBXContainerItemProxy */ = {
			isa = PBXContainerItemProxy;
			containerPortal = A0E3928329196BC000D5F991 /* Project object */;
			proxyType = 1;
			remoteGlobalIDString = A0E392B429196BC100D5F991;
			remoteInfo = "Nontent Extension Extension (iOS)";
		};
		A0E392C129196BC100D5F991 /* PBXContainerItemProxy */ = {
			isa = PBXContainerItemProxy;
			containerPortal = A0E3928329196BC000D5F991 /* Project object */;
			proxyType = 1;
			remoteGlobalIDString = A0E392BE29196BC100D5F991;
			remoteInfo = "Nontent Extension Extension (macOS)";
		};
/* End PBXContainerItemProxy section */

/* Begin PBXCopyFilesBuildPhase section */
		A0E392D929196BC100D5F991 /* Embed Foundation Extensions */ = {
			isa = PBXCopyFilesBuildPhase;
			buildActionMask = 2147483647;
			dstPath = "";
			dstSubfolderSpec = 13;
			files = (
				A0E392B629196BC100D5F991 /* Nontent Extension Extension.appex in Embed Foundation Extensions */,
			);
			name = "Embed Foundation Extensions";
			runOnlyForDeploymentPostprocessing = 0;
		};
		A0E392E029196BC100D5F991 /* Embed Foundation Extensions */ = {
			isa = PBXCopyFilesBuildPhase;
			buildActionMask = 2147483647;
			dstPath = "";
			dstSubfolderSpec = 13;
			files = (
				A0E392C029196BC100D5F991 /* Nontent Extension Extension.appex in Embed Foundation Extensions */,
			);
			name = "Embed Foundation Extensions";
			runOnlyForDeploymentPostprocessing = 0;
		};
/* End PBXCopyFilesBuildPhase section */

/* Begin PBXFileReference section */
		A0E3928A29196BC100D5F991 /* Base */ = {isa = PBXFileReference; lastKnownFileType = text.html; name = Base; path = ../Base.lproj/Main.html; sourceTree = "<group>"; };
		A0E3928B29196BC100D5F991 /* Icon.png */ = {isa = PBXFileReference; lastKnownFileType = image.png; path = Icon.png; sourceTree = "<group>"; };
		A0E3928C29196BC100D5F991 /* Style.css */ = {isa = PBXFileReference; lastKnownFileType = text.css; path = Style.css; sourceTree = "<group>"; };
		A0E3928D29196BC100D5F991 /* Script.js */ = {isa = PBXFileReference; lastKnownFileType = sourcecode.javascript; path = Script.js; sourceTree = "<group>"; };
		A0E3928E29196BC100D5F991 /* ViewController.swift */ = {isa = PBXFileReference; lastKnownFileType = sourcecode.swift; path = ViewController.swift; sourceTree = "<group>"; };
		A0E3928F29196BC100D5F991 /* Assets.xcassets */ = {isa = PBXFileReference; lastKnownFileType = folder.assetcatalog; path = Assets.xcassets; sourceTree = "<group>"; };
		A0E3929129196BC100D5F991 /* SafariWebExtensionHandler.swift */ = {isa = PBXFileReference; lastKnownFileType = sourcecode.swift; path = SafariWebExtensionHandler.swift; sourceTree = "<group>"; };
		A0E3929629196BC100D5F991 /* Nontent Extension.app */ = {isa = PBXFileReference; explicitFileType = wrapper.application; includeInIndex = 0; path = "Nontent Extension.app"; sourceTree = BUILT_PRODUCTS_DIR; };
		A0E3929929196BC100D5F991 /* AppDelegate.swift */ = {isa = PBXFileReference; lastKnownFileType = sourcecode.swift; path = AppDelegate.swift; sourceTree = "<group>"; };
		A0E3929B29196BC100D5F991 /* SceneDelegate.swift */ = {isa = PBXFileReference; lastKnownFileType = sourcecode.swift; path = SceneDelegate.swift; sourceTree = "<group>"; };
		A0E3929E29196BC100D5F991 /* Base */ = {isa = PBXFileReference; lastKnownFileType = file.storyboard; name = Base; path = Base.lproj/LaunchScreen.storyboard; sourceTree = "<group>"; };
		A0E392A129196BC100D5F991 /* Base */ = {isa = PBXFileReference; lastKnownFileType = file.storyboard; name = Base; path = Base.lproj/Main.storyboard; sourceTree = "<group>"; };
		A0E392A329196BC100D5F991 /* Info.plist */ = {isa = PBXFileReference; lastKnownFileType = text.plist.xml; path = Info.plist; sourceTree = "<group>"; };
		A0E392A829196BC100D5F991 /* Nontent Extension.app */ = {isa = PBXFileReference; explicitFileType = wrapper.application; includeInIndex = 0; path = "Nontent Extension.app"; sourceTree = BUILT_PRODUCTS_DIR; };
		A0E392AA29196BC100D5F991 /* AppDelegate.swift */ = {isa = PBXFileReference; lastKnownFileType = sourcecode.swift; path = AppDelegate.swift; sourceTree = "<group>"; };
		A0E392AD29196BC100D5F991 /* Base */ = {isa = PBXFileReference; lastKnownFileType = file.storyboard; name = Base; path = Base.lproj/Main.storyboard; sourceTree = "<group>"; };
		A0E392AF29196BC100D5F991 /* Info.plist */ = {isa = PBXFileReference; lastKnownFileType = text.plist.xml; path = Info.plist; sourceTree = "<group>"; };
		A0E392B029196BC100D5F991 /* Nontent Extension.entitlements */ = {isa = PBXFileReference; lastKnownFileType = text.plist.entitlements; path = "Nontent Extension.entitlements"; sourceTree = "<group>"; };
		A0E392B529196BC100D5F991 /* Nontent Extension Extension.appex */ = {isa = PBXFileReference; explicitFileType = "wrapper.app-extension"; includeInIndex = 0; path = "Nontent Extension Extension.appex"; sourceTree = BUILT_PRODUCTS_DIR; };
		A0E392BA29196BC100D5F991 /* Info.plist */ = {isa = PBXFileReference; lastKnownFileType = text.plist.xml; path = Info.plist; sourceTree = "<group>"; };
		A0E392BF29196BC100D5F991 /* Nontent Extension Extension.appex */ = {isa = PBXFileReference; explicitFileType = "wrapper.app-extension"; includeInIndex = 0; path = "Nontent Extension Extension.appex"; sourceTree = BUILT_PRODUCTS_DIR; };
		A0E392C429196BC100D5F991 /* Info.plist */ = {isa = PBXFileReference; lastKnownFileType = text.plist.xml; path = Info.plist; sourceTree = "<group>"; };
		A0E392C529196BC100D5F991 /* Nontent Extension.entitlements */ = {isa = PBXFileReference; lastKnownFileType = text.plist.entitlements; path = "Nontent Extension.entitlements"; sourceTree = "<group>"; };
		A0E392E529196BC200D5F991 /* popup */ = {isa = PBXFileReference; lastKnownFileType = folder; name = popup; path = ../../extension/popup; sourceTree = "<group>"; };
		A0E392E629196BC200D5F991 /* background.js */ = {isa = PBXFileReference; lastKnownFileType = sourcecode.javascript; name = background.js; path = ../../extension/background.js; sourceTree = "<group>"; };
		A0E392E729196BC200D5F991 /* images */ = {isa = PBXFileReference; lastKnownFileType = folder; name = images; path = ../../extension/images; sourceTree = "<group>"; };
		A0E392E829196BC200D5F991 /* scripts */ = {isa = PBXFileReference; lastKnownFileType = folder; name = scripts; path = ../../extension/scripts; sourceTree = "<group>"; };
		A0E392E929196BC200D5F991 /* manifest.json */ = {isa = PBXFileReference; lastKnownFileType = text.json; name = manifest.json; path = ../../extension/manifest.json; sourceTree = "<group>"; };
/* End PBXFileReference section */

/* Begin PBXFrameworksBuildPhase section */
		A0E3929329196BC100D5F991 /* Frameworks */ = {
			isa = PBXFrameworksBuildPhase;
			buildActionMask = 2147483647;
			files = (
			);
			runOnlyForDeploymentPostprocessing = 0;
		};
		A0E392A529196BC100D5F991 /* Frameworks */ = {
			isa = PBXFrameworksBuildPhase;
			buildActionMask = 2147483647;
			files = (
			);
			runOnlyForDeploymentPostprocessing = 0;
		};
		A0E392B229196BC100D5F991 /* Frameworks */ = {
			isa = PBXFrameworksBuildPhase;
			buildActionMask = 2147483647;
			files = (
			);
			runOnlyForDeploymentPostprocessing = 0;
		};
		A0E392BC29196BC100D5F991 /* Frameworks */ = {
			isa = PBXFrameworksBuildPhase;
			buildActionMask = 2147483647;
			files = (
			);
			runOnlyForDeploymentPostprocessing = 0;
		};
/* End PBXFrameworksBuildPhase section */

/* Begin PBXGroup section */
		A0E3928229196BC000D5F991 = {
			isa = PBXGroup;
			children = (
				A0E3928729196BC100D5F991 /* Shared (App) */,
				A0E3929029196BC100D5F991 /* Shared (Extension) */,
				A0E3929829196BC100D5F991 /* iOS (App) */,
				A0E392A929196BC100D5F991 /* macOS (App) */,
				A0E392B929196BC100D5F991 /* iOS (Extension) */,
				A0E392C329196BC100D5F991 /* macOS (Extension) */,
				A0E3929729196BC100D5F991 /* Products */,
			);
			sourceTree = "<group>";
		};
		A0E3928729196BC100D5F991 /* Shared (App) */ = {
			isa = PBXGroup;
			children = (
				A0E3928E29196BC100D5F991 /* ViewController.swift */,
				A0E3928F29196BC100D5F991 /* Assets.xcassets */,
				A0E3928829196BC100D5F991 /* Resources */,
			);
			path = "Shared (App)";
			sourceTree = "<group>";
		};
		A0E3928829196BC100D5F991 /* Resources */ = {
			isa = PBXGroup;
			children = (
				A0E3928929196BC100D5F991 /* Main.html */,
				A0E3928B29196BC100D5F991 /* Icon.png */,
				A0E3928C29196BC100D5F991 /* Style.css */,
				A0E3928D29196BC100D5F991 /* Script.js */,
			);
			path = Resources;
			sourceTree = "<group>";
		};
		A0E3929029196BC100D5F991 /* Shared (Extension) */ = {
			isa = PBXGroup;
			children = (
				A0E392E429196BC200D5F991 /* Resources */,
				A0E3929129196BC100D5F991 /* SafariWebExtensionHandler.swift */,
			);
			path = "Shared (Extension)";
			sourceTree = "<group>";
		};
		A0E3929729196BC100D5F991 /* Products */ = {
			isa = PBXGroup;
			children = (
				A0E3929629196BC100D5F991 /* Nontent Extension.app */,
				A0E392A829196BC100D5F991 /* Nontent Extension.app */,
				A0E392B529196BC100D5F991 /* Nontent Extension Extension.appex */,
				A0E392BF29196BC100D5F991 /* Nontent Extension Extension.appex */,
			);
			name = Products;
			sourceTree = "<group>";
		};
		A0E3929829196BC100D5F991 /* iOS (App) */ = {
			isa = PBXGroup;
			children = (
				A0E3929929196BC100D5F991 /* AppDelegate.swift */,
				A0E3929B29196BC100D5F991 /* SceneDelegate.swift */,
				A0E3929D29196BC100D5F991 /* LaunchScreen.storyboard */,
				A0E392A029196BC100D5F991 /* Main.storyboard */,
				A0E392A329196BC100D5F991 /* Info.plist */,
			);
			path = "iOS (App)";
			sourceTree = "<group>";
		};
		A0E392A929196BC100D5F991 /* macOS (App) */ = {
			isa = PBXGroup;
			children = (
				A0E392AA29196BC100D5F991 /* AppDelegate.swift */,
				A0E392AC29196BC100D5F991 /* Main.storyboard */,
				A0E392AF29196BC100D5F991 /* Info.plist */,
				A0E392B029196BC100D5F991 /* Nontent Extension.entitlements */,
			);
			path = "macOS (App)";
			sourceTree = "<group>";
		};
		A0E392B929196BC100D5F991 /* iOS (Extension) */ = {
			isa = PBXGroup;
			children = (
				A0E392BA29196BC100D5F991 /* Info.plist */,
			);
			path = "iOS (Extension)";
			sourceTree = "<group>";
		};
		A0E392C329196BC100D5F991 /* macOS (Extension) */ = {
			isa = PBXGroup;
			children = (
				A0E392C429196BC100D5F991 /* Info.plist */,
				A0E392C529196BC100D5F991 /* Nontent Extension.entitlements */,
			);
			path = "macOS (Extension)";
			sourceTree = "<group>";
		};
		A0E392E429196BC200D5F991 /* Resources */ = {
			isa = PBXGroup;
			children = (
				A0E392E529196BC200D5F991 /* popup */,
				A0E392E629196BC200D5F991 /* background.js */,
				A0E392E729196BC200D5F991 /* images */,
				A0E392E829196BC200D5F991 /* scripts */,
				A0E392E929196BC200D5F991 /* manifest.json */,
			);
			name = Resources;
			path = "Shared (Extension)";
			sourceTree = SOURCE_ROOT;
		};
/* End PBXGroup section */

/* Begin PBXNativeTarget section */
		A0E3929529196BC100D5F991 /* Nontent Extension (iOS) */ = {
			isa = PBXNativeTarget;
			buildConfigurationList = A0E392DA29196BC100D5F991 /* Build configuration list for PBXNativeTarget "Nontent Extension (iOS)" */;
			buildPhases = (
				A0E3929229196BC100D5F991 /* Sources */,
				A0E3929329196BC100D5F991 /* Frameworks */,
				A0E3929429196BC100D5F991 /* Resources */,
				A0E392D929196BC100D5F991 /* Embed Foundation Extensions */,
			);
			buildRules = (
			);
			dependencies = (
				A0E392B829196BC100D5F991 /* PBXTargetDependency */,
			);
			name = "Nontent Extension (iOS)";
			productName = "Nontent Extension (iOS)";
			productReference = A0E3929629196BC100D5F991 /* Nontent Extension.app */;
			productType = "com.apple.product-type.application";
		};
		A0E392A729196BC100D5F991 /* Nontent Extension (macOS) */ = {
			isa = PBXNativeTarget;
			buildConfigurationList = A0E392E129196BC100D5F991 /* Build configuration list for PBXNativeTarget "Nontent Extension (macOS)" */;
			buildPhases = (
				A0E392A429196BC100D5F991 /* Sources */,
				A0E392A529196BC100D5F991 /* Frameworks */,
				A0E392A629196BC100D5F991 /* Resources */,
				A0E392E029196BC100D5F991 /* Embed Foundation Extensions */,
			);
			buildRules = (
			);
			dependencies = (
				A0E392C229196BC100D5F991 /* PBXTargetDependency */,
			);
			name = "Nontent Extension (macOS)";
			productName = "Nontent Extension (macOS)";
			productReference = A0E392A829196BC100D5F991 /* Nontent Extension.app */;
			productType = "com.apple.product-type.application";
		};
		A0E392B429196BC100D5F991 /* Nontent Extension Extension (iOS) */ = {
			isa = PBXNativeTarget;
			buildConfigurationList = A0E392D629196BC100D5F991 /* Build configuration list for PBXNativeTarget "Nontent Extension Extension (iOS)" */;
			buildPhases = (
				A0E392B129196BC100D5F991 /* Sources */,
				A0E392B229196BC100D5F991 /* Frameworks */,
				A0E392B329196BC100D5F991 /* Resources */,
			);
			buildRules = (
			);
			dependencies = (
			);
			name = "Nontent Extension Extension (iOS)";
			productName = "Nontent Extension Extension (iOS)";
			productReference = A0E392B529196BC100D5F991 /* Nontent Extension Extension.appex */;
			productType = "com.apple.product-type.app-extension";
		};
		A0E392BE29196BC100D5F991 /* Nontent Extension Extension (macOS) */ = {
			isa = PBXNativeTarget;
			buildConfigurationList = A0E392DD29196BC100D5F991 /* Build configuration list for PBXNativeTarget "Nontent Extension Extension (macOS)" */;
			buildPhases = (
				A0E392BB29196BC100D5F991 /* Sources */,
				A0E392BC29196BC100D5F991 /* Frameworks */,
				A0E392BD29196BC100D5F991 /* Resources */,
			);
			buildRules = (
			);
			dependencies = (
			);
			name = "Nontent Extension Extension (macOS)";
			productName = "Nontent Extension Extension (macOS)";
			productReference = A0E392BF29196BC100D5F991 /* Nontent Extension Extension.appex */;
			productType = "com.apple.product-type.app-extension";
		};
/* End PBXNativeTarget section */

/* Begin PBXProject section */
		A0E3928329196BC000D5F991 /* Project object */ = {
			isa = PBXProject;
			attributes = {
				BuildIndependentTargetsInParallel = 1;
				LastSwiftUpdateCheck = 1410;
				LastUpgradeCheck = 1410;
				TargetAttributes = {
					A0E3929529196BC100D5F991 = {
						CreatedOnToolsVersion = 14.1;
					};
					A0E392A729196BC100D5F991 = {
						CreatedOnToolsVersion = 14.1;
					};
					A0E392B429196BC100D5F991 = {
						CreatedOnToolsVersion = 14.1;
					};
					A0E392BE29196BC100D5F991 = {
						CreatedOnToolsVersion = 14.1;
					};
				};
			};
			buildConfigurationList = A0E3928629196BC000D5F991 /* Build configuration list for PBXProject "Nontent Extension" */;
			compatibilityVersion = "Xcode 14.0";
			developmentRegion = en;
			hasScannedForEncodings = 0;
			knownRegions = (
				en,
				Base,
			);
			mainGroup = A0E3928229196BC000D5F991;
			productRefGroup = A0E3929729196BC100D5F991 /* Products */;
			projectDirPath = "";
			projectRoot = "";
			targets = (
				A0E3929529196BC100D5F991 /* Nontent Extension (iOS) */,
				A0E392A729196BC100D5F991 /* Nontent Extension (macOS) */,
				A0E392B429196BC100D5F991 /* Nontent Extension Extension (iOS) */,
				A0E392BE29196BC100D5F991 /* Nontent Extension Extension (macOS) */,
			);
		};
/* End PBXProject section */

/* Begin PBXResourcesBuildPhase section */
		A0E3929429196BC100D5F991 /* Resources */ = {
			isa = PBXResourcesBuildPhase;
			buildActionMask = 2147483647;
			files = (
				A0E392C829196BC100D5F991 /* Icon.png in Resources */,
				A0E3929F29196BC100D5F991 /* LaunchScreen.storyboard in Resources */,
				A0E392C629196BC100D5F991 /* Main.html in Resources */,
				A0E392CC29196BC100D5F991 /* Script.js in Resources */,
				A0E392D029196BC100D5F991 /* Assets.xcassets in Resources */,
				A0E392A229196BC100D5F991 /* Main.storyboard in Resources */,
				A0E392CA29196BC100D5F991 /* Style.css in Resources */,
			);
			runOnlyForDeploymentPostprocessing = 0;
		};
		A0E392A629196BC100D5F991 /* Resources */ = {
			isa = PBXResourcesBuildPhase;
			buildActionMask = 2147483647;
			files = (
				A0E392C929196BC100D5F991 /* Icon.png in Resources */,
				A0E392CB29196BC100D5F991 /* Style.css in Resources */,
				A0E392AE29196BC100D5F991 /* Main.storyboard in Resources */,
				A0E392CD29196BC100D5F991 /* Script.js in Resources */,
				A0E392D129196BC100D5F991 /* Assets.xcassets in Resources */,
				A0E392C729196BC100D5F991 /* Main.html in Resources */,
			);
			runOnlyForDeploymentPostprocessing = 0;
		};
		A0E392B329196BC100D5F991 /* Resources */ = {
			isa = PBXResourcesBuildPhase;
			buildActionMask = 2147483647;
			files = (
				A0E392F129196BC200D5F991 /* images in Resources */,
				A0E392F029196BC200D5F991 /* background.js in Resources */,
				A0E392F329196BC200D5F991 /* manifest.json in Resources */,
				A0E392EF29196BC200D5F991 /* popup in Resources */,
				A0E392F229196BC200D5F991 /* scripts in Resources */,
			);
			runOnlyForDeploymentPostprocessing = 0;
		};
		A0E392BD29196BC100D5F991 /* Resources */ = {
			isa = PBXResourcesBuildPhase;
			buildActionMask = 2147483647;
			files = (
				A0E392EC29196BC200D5F991 /* images in Resources */,
				A0E392EB29196BC200D5F991 /* background.js in Resources */,
				A0E392EE29196BC200D5F991 /* manifest.json in Resources */,
				A0E392EA29196BC200D5F991 /* popup in Resources */,
				A0E392ED29196BC200D5F991 /* scripts in Resources */,
			);
			runOnlyForDeploymentPostprocessing = 0;
		};
/* End PBXResourcesBuildPhase section */

/* Begin PBXSourcesBuildPhase section */
		A0E3929229196BC100D5F991 /* Sources */ = {
			isa = PBXSourcesBuildPhase;
			buildActionMask = 2147483647;
			files = (
				A0E392CE29196BC100D5F991 /* ViewController.swift in Sources */,
				A0E3929A29196BC100D5F991 /* AppDelegate.swift in Sources */,
				A0E3929C29196BC100D5F991 /* SceneDelegate.swift in Sources */,
			);
			runOnlyForDeploymentPostprocessing = 0;
		};
		A0E392A429196BC100D5F991 /* Sources */ = {
			isa = PBXSourcesBuildPhase;
			buildActionMask = 2147483647;
			files = (
				A0E392CF29196BC100D5F991 /* ViewController.swift in Sources */,
				A0E392AB29196BC100D5F991 /* AppDelegate.swift in Sources */,
			);
			runOnlyForDeploymentPostprocessing = 0;
		};
		A0E392B129196BC100D5F991 /* Sources */ = {
			isa = PBXSourcesBuildPhase;
			buildActionMask = 2147483647;
			files = (
				A0E392D229196BC100D5F991 /* SafariWebExtensionHandler.swift in Sources */,
			);
			runOnlyForDeploymentPostprocessing = 0;
		};
		A0E392BB29196BC100D5F991 /* Sources */ = {
			isa = PBXSourcesBuildPhase;
			buildActionMask = 2147483647;
			files = (
				A0E392D329196BC100D5F991 /* SafariWebExtensionHandler.swift in Sources */,
			);
			runOnlyForDeploymentPostprocessing = 0;
		};
/* End PBXSourcesBuildPhase section */

/* Begin PBXTargetDependency section */
		A0E392B829196BC100D5F991 /* PBXTargetDependency */ = {
			isa = PBXTargetDependency;
			target = A0E392B429196BC100D5F991 /* Nontent Extension Extension (iOS) */;
			targetProxy = A0E392B729196BC100D5F991 /* PBXContainerItemProxy */;
		};
		A0E392C229196BC100D5F991 /* PBXTargetDependency */ = {
			isa = PBXTargetDependency;
			target = A0E392BE29196BC100D5F991 /* Nontent Extension Extension (macOS) */;
			targetProxy = A0E392C129196BC100D5F991 /* PBXContainerItemProxy */;
		};
/* End PBXTargetDependency section */

/* Begin PBXVariantGroup section */
		A0E3928929196BC100D5F991 /* Main.html */ = {
			isa = PBXVariantGroup;
			children = (
				A0E3928A29196BC100D5F991 /* Base */,
			);
			name = Main.html;
			sourceTree = "<group>";
		};
		A0E3929D29196BC100D5F991 /* LaunchScreen.storyboard */ = {
			isa = PBXVariantGroup;
			children = (
				A0E3929E29196BC100D5F991 /* Base */,
			);
			name = LaunchScreen.storyboard;
			sourceTree = "<group>";
		};
		A0E392A029196BC100D5F991 /* Main.storyboard */ = {
			isa = PBXVariantGroup;
			children = (
				A0E392A129196BC100D5F991 /* Base */,
			);
			name = Main.storyboard;
			sourceTree = "<group>";
		};
		A0E392AC29196BC100D5F991 /* Main.storyboard */ = {
			isa = PBXVariantGroup;
			children = (
				A0E392AD29196BC100D5F991 /* Base */,
			);
			name = Main.storyboard;
			sourceTree = "<group>";
		};
/* End PBXVariantGroup section */

/* Begin XCBuildConfiguration section */
		A0E392D429196BC100D5F991 /* Debug */ = {
			isa = XCBuildConfiguration;
			buildSettings = {
				ALWAYS_SEARCH_USER_PATHS = NO;
				CLANG_ANALYZER_NONNULL = YES;
				CLANG_ANALYZER_NUMBER_OBJECT_CONVERSION = YES_AGGRESSIVE;
				CLANG_CXX_LANGUAGE_STANDARD = "gnu++20";
				CLANG_ENABLE_MODULES = YES;
				CLANG_ENABLE_OBJC_ARC = YES;
				CLANG_ENABLE_OBJC_WEAK = YES;
				CLANG_WARN_BLOCK_CAPTURE_AUTORELEASING = YES;
				CLANG_WARN_BOOL_CONVERSION = YES;
				CLANG_WARN_COMMA = YES;
				CLANG_WARN_CONSTANT_CONVERSION = YES;
				CLANG_WARN_DEPRECATED_OBJC_IMPLEMENTATIONS = YES;
				CLANG_WARN_DIRECT_OBJC_ISA_USAGE = YES_ERROR;
				CLANG_WARN_DOCUMENTATION_COMMENTS = YES;
				CLANG_WARN_EMPTY_BODY = YES;
				CLANG_WARN_ENUM_CONVERSION = YES;
				CLANG_WARN_INFINITE_RECURSION = YES;
				CLANG_WARN_INT_CONVERSION = YES;
				CLANG_WARN_NON_LITERAL_NULL_CONVERSION = YES;
				CLANG_WARN_OBJC_IMPLICIT_RETAIN_SELF = YES;
				CLANG_WARN_OBJC_LITERAL_CONVERSION = YES;
				CLANG_WARN_OBJC_ROOT_CLASS = YES_ERROR;
				CLANG_WARN_QUOTED_INCLUDE_IN_FRAMEWORK_HEADER = YES;
				CLANG_WARN_RANGE_LOOP_ANALYSIS = YES;
				CLANG_WARN_STRICT_PROTOTYPES = YES;
				CLANG_WARN_SUSPICIOUS_MOVE = YES;
				CLANG_WARN_UNGUARDED_AVAILABILITY = YES_AGGRESSIVE;
				CLANG_WARN_UNREACHABLE_CODE = YES;
				CLANG_WARN__DUPLICATE_METHOD_MATCH = YES;
				COPY_PHASE_STRIP = NO;
				DEBUG_INFORMATION_FORMAT = dwarf;
				ENABLE_STRICT_OBJC_MSGSEND = YES;
				ENABLE_TESTABILITY = YES;
				GCC_C_LANGUAGE_STANDARD = gnu11;
				GCC_DYNAMIC_NO_PIC = NO;
				GCC_NO_COMMON_BLOCKS = YES;
				GCC_OPTIMIZATION_LEVEL = 0;
				GCC_PREPROCESSOR_DEFINITIONS = (
					"DEBUG=1",
					"$(inherited)",
				);
				GCC_WARN_64_TO_32_BIT_CONVERSION = YES;
				GCC_WARN_ABOUT_RETURN_TYPE = YES_ERROR;
				GCC_WARN_UNDECLARED_SELECTOR = YES;
				GCC_WARN_UNINITIALIZED_AUTOS = YES_AGGRESSIVE;
				GCC_WARN_UNUSED_FUNCTION = YES;
				GCC_WARN_UNUSED_VARIABLE = YES;
				MTL_ENABLE_DEBUG_INFO = INCLUDE_SOURCE;
				MTL_FAST_MATH = YES;
				ONLY_ACTIVE_ARCH = YES;
				SWIFT_ACTIVE_COMPILATION_CONDITIONS = DEBUG;
				SWIFT_OPTIMIZATION_LEVEL = "-Onone";
			};
			name = Debug;
		};
		A0E392D529196BC100D5F991 /* Release */ = {
			isa = XCBuildConfiguration;
			buildSettings = {
				ALWAYS_SEARCH_USER_PATHS = NO;
				CLANG_ANALYZER_NONNULL = YES;
				CLANG_ANALYZER_NUMBER_OBJECT_CONVERSION = YES_AGGRESSIVE;
				CLANG_CXX_LANGUAGE_STANDARD = "gnu++20";
				CLANG_ENABLE_MODULES = YES;
				CLANG_ENABLE_OBJC_ARC = YES;
				CLANG_ENABLE_OBJC_WEAK = YES;
				CLANG_WARN_BLOCK_CAPTURE_AUTORELEASING = YES;
				CLANG_WARN_BOOL_CONVERSION = YES;
				CLANG_WARN_COMMA = YES;
				CLANG_WARN_CONSTANT_CONVERSION = YES;
				CLANG_WARN_DEPRECATED_OBJC_IMPLEMENTATIONS = YES;
				CLANG_WARN_DIRECT_OBJC_ISA_USAGE = YES_ERROR;
				CLANG_WARN_DOCUMENTATION_COMMENTS = YES;
				CLANG_WARN_EMPTY_BODY = YES;
				CLANG_WARN_ENUM_CONVERSION = YES;
				CLANG_WARN_INFINITE_RECURSION = YES;
				CLANG_WARN_INT_CONVERSION = YES;
				CLANG_WARN_NON_LITERAL_NULL_CONVERSION = YES;
				CLANG_WARN_OBJC_IMPLICIT_RETAIN_SELF = YES;
				CLANG_WARN_OBJC_LITERAL_CONVERSION = YES;
				CLANG_WARN_OBJC_ROOT_CLASS = YES_ERROR;
				CLANG_WARN_QUOTED_INCLUDE_IN_FRAMEWORK_HEADER = YES;
				CLANG_WARN_RANGE_LOOP_ANALYSIS = YES;
				CLANG_WARN_STRICT_PROTOTYPES = YES;
				CLANG_WARN_SUSPICIOUS_MOVE = YES;
				CLANG_WARN_UNGUARDED_AVAILABILITY = YES_AGGRESSIVE;
				CLANG_WARN_UNREACHABLE_CODE = YES;
				CLANG_WARN__DUPLICATE_METHOD_MATCH = YES;
				COPY_PHASE_STRIP = NO;
				DEBUG_INFORMATION_FORMAT = "dwarf-with-dsym";
				ENABLE_NS_ASSERTIONS = NO;
				ENABLE_STRICT_OBJC_MSGSEND = YES;
				GCC_C_LANGUAGE_STANDARD = gnu11;
				GCC_NO_COMMON_BLOCKS = YES;
				GCC_WARN_64_TO_32_BIT_CONVERSION = YES;
				GCC_WARN_ABOUT_RETURN_TYPE = YES_ERROR;
				GCC_WARN_UNDECLARED_SELECTOR = YES;
				GCC_WARN_UNINITIALIZED_AUTOS = YES_AGGRESSIVE;
				GCC_WARN_UNUSED_FUNCTION = YES;
				GCC_WARN_UNUSED_VARIABLE = YES;
				MTL_ENABLE_DEBUG_INFO = NO;
				MTL_FAST_MATH = YES;
				SWIFT_COMPILATION_MODE = wholemodule;
				SWIFT_OPTIMIZATION_LEVEL = "-O";
			};
			name = Release;
		};
		A0E392D729196BC100D5F991 /* Debug */ = {
			isa = XCBuildConfiguration;
			buildSettings = {
				CODE_SIGN_STYLE = Automatic;
				CURRENT_PROJECT_VERSION = 1;
				GENERATE_INFOPLIST_FILE = YES;
				INFOPLIST_FILE = "iOS (Extension)/Info.plist";
				INFOPLIST_KEY_CFBundleDisplayName = "Nontent Extension Extension";
				INFOPLIST_KEY_NSHumanReadableCopyright = "";
				IPHONEOS_DEPLOYMENT_TARGET = 15.0;
				LD_RUNPATH_SEARCH_PATHS = (
					"$(inherited)",
					"@executable_path/Frameworks",
					"@executable_path/../../Frameworks",
				);
				MARKETING_VERSION = 1.0;
				OTHER_LDFLAGS = (
					"-framework",
					SafariServices,
				);
				PRODUCT_BUNDLE_IDENTIFIER = "com.yourCompany.Nontent-Extension.Extension";
				PRODUCT_NAME = "Nontent Extension Extension";
				SDKROOT = iphoneos;
				SKIP_INSTALL = YES;
				SWIFT_EMIT_LOC_STRINGS = YES;
				SWIFT_VERSION = 5.0;
				TARGETED_DEVICE_FAMILY = "1,2";
			};
			name = Debug;
		};
		A0E392D829196BC100D5F991 /* Release */ = {
			isa = XCBuildConfiguration;
			buildSettings = {
				CODE_SIGN_STYLE = Automatic;
				CURRENT_PROJECT_VERSION = 1;
				GENERATE_INFOPLIST_FILE = YES;
				INFOPLIST_FILE = "iOS (Extension)/Info.plist";
				INFOPLIST_KEY_CFBundleDisplayName = "Nontent Extension Extension";
				INFOPLIST_KEY_NSHumanReadableCopyright = "";
				IPHONEOS_DEPLOYMENT_TARGET = 15.0;
				LD_RUNPATH_SEARCH_PATHS = (
					"$(inherited)",
					"@executable_path/Frameworks",
					"@executable_path/../../Frameworks",
				);
				MARKETING_VERSION = 1.0;
				OTHER_LDFLAGS = (
					"-framework",
					SafariServices,
				);
				PRODUCT_BUNDLE_IDENTIFIER = "com.yourCompany.Nontent-Extension.Extension";
				PRODUCT_NAME = "Nontent Extension Extension";
				SDKROOT = iphoneos;
				SKIP_INSTALL = YES;
				SWIFT_EMIT_LOC_STRINGS = YES;
				SWIFT_VERSION = 5.0;
				TARGETED_DEVICE_FAMILY = "1,2";
				VALIDATE_PRODUCT = YES;
			};
			name = Release;
		};
		A0E392DB29196BC100D5F991 /* Debug */ = {
			isa = XCBuildConfiguration;
			buildSettings = {
				ALWAYS_EMBED_SWIFT_STANDARD_LIBRARIES = YES;
				ASSETCATALOG_COMPILER_APPICON_NAME = AppIcon;
				ASSETCATALOG_COMPILER_GLOBAL_ACCENT_COLOR_NAME = AccentColor;
				CODE_SIGN_STYLE = Automatic;
				CURRENT_PROJECT_VERSION = 1;
				GENERATE_INFOPLIST_FILE = YES;
				INFOPLIST_FILE = "iOS (App)/Info.plist";
				INFOPLIST_KEY_CFBundleDisplayName = "Nontent Extension";
				INFOPLIST_KEY_UIApplicationSupportsIndirectInputEvents = YES;
				INFOPLIST_KEY_UILaunchStoryboardName = LaunchScreen;
				INFOPLIST_KEY_UIMainStoryboardFile = Main;
				INFOPLIST_KEY_UISupportedInterfaceOrientations = "UIInterfaceOrientationPortrait UIInterfaceOrientationLandscapeLeft UIInterfaceOrientationLandscapeRight";
				INFOPLIST_KEY_UISupportedInterfaceOrientations_iPad = "UIInterfaceOrientationPortrait UIInterfaceOrientationPortraitUpsideDown UIInterfaceOrientationLandscapeLeft UIInterfaceOrientationLandscapeRight";
				IPHONEOS_DEPLOYMENT_TARGET = 15.0;
				LD_RUNPATH_SEARCH_PATHS = (
					"$(inherited)",
					"@executable_path/Frameworks",
				);
				MARKETING_VERSION = 1.0;
				OTHER_LDFLAGS = (
					"-framework",
					SafariServices,
					"-framework",
					WebKit,
				);
				PRODUCT_BUNDLE_IDENTIFIER = "com.yourCompany.Nontent-Extension";
				PRODUCT_NAME = "Nontent Extension";
				SDKROOT = iphoneos;
				SWIFT_EMIT_LOC_STRINGS = YES;
				SWIFT_VERSION = 5.0;
				TARGETED_DEVICE_FAMILY = "1,2";
			};
			name = Debug;
		};
		A0E392DC29196BC100D5F991 /* Release */ = {
			isa = XCBuildConfiguration;
			buildSettings = {
				ALWAYS_EMBED_SWIFT_STANDARD_LIBRARIES = YES;
				ASSETCATALOG_COMPILER_APPICON_NAME = AppIcon;
				ASSETCATALOG_COMPILER_GLOBAL_ACCENT_COLOR_NAME = AccentColor;
				CODE_SIGN_STYLE = Automatic;
				CURRENT_PROJECT_VERSION = 1;
				GENERATE_INFOPLIST_FILE = YES;
				INFOPLIST_FILE = "iOS (App)/Info.plist";
				INFOPLIST_KEY_CFBundleDisplayName = "Nontent Extension";
				INFOPLIST_KEY_UIApplicationSupportsIndirectInputEvents = YES;
				INFOPLIST_KEY_UILaunchStoryboardName = LaunchScreen;
				INFOPLIST_KEY_UIMainStoryboardFile = Main;
				INFOPLIST_KEY_UISupportedInterfaceOrientations = "UIInterfaceOrientationPortrait UIInterfaceOrientationLandscapeLeft UIInterfaceOrientationLandscapeRight";
				INFOPLIST_KEY_UISupportedInterfaceOrientations_iPad = "UIInterfaceOrientationPortrait UIInterfaceOrientationPortraitUpsideDown UIInterfaceOrientationLandscapeLeft UIInterfaceOrientationLandscapeRight";
				IPHONEOS_DEPLOYMENT_TARGET = 15.0;
				LD_RUNPATH_SEARCH_PATHS = (
					"$(inherited)",
					"@executable_path/Frameworks",
				);
				MARKETING_VERSION = 1.0;
				OTHER_LDFLAGS = (
					"-framework",
					SafariServices,
					"-framework",
					WebKit,
				);
				PRODUCT_BUNDLE_IDENTIFIER = "com.yourCompany.Nontent-Extension";
				PRODUCT_NAME = "Nontent Extension";
				SDKROOT = iphoneos;
				SWIFT_EMIT_LOC_STRINGS = YES;
				SWIFT_VERSION = 5.0;
				TARGETED_DEVICE_FAMILY = "1,2";
				VALIDATE_PRODUCT = YES;
			};
			name = Release;
		};
		A0E392DE29196BC100D5F991 /* Debug */ = {
			isa = XCBuildConfiguration;
			buildSettings = {
				CODE_SIGN_ENTITLEMENTS = "macOS (Extension)/Nontent Extension.entitlements";
				CODE_SIGN_STYLE = Automatic;
				CURRENT_PROJECT_VERSION = 1;
				ENABLE_HARDENED_RUNTIME = YES;
				GENERATE_INFOPLIST_FILE = YES;
				INFOPLIST_FILE = "macOS (Extension)/Info.plist";
				INFOPLIST_KEY_CFBundleDisplayName = "Nontent Extension Extension";
				INFOPLIST_KEY_NSHumanReadableCopyright = "";
				LD_RUNPATH_SEARCH_PATHS = (
					"$(inherited)",
					"@executable_path/../Frameworks",
					"@executable_path/../../../../Frameworks",
				);
				MACOSX_DEPLOYMENT_TARGET = 10.14;
				MARKETING_VERSION = 1.0;
				OTHER_LDFLAGS = (
					"-framework",
					SafariServices,
				);
				PRODUCT_BUNDLE_IDENTIFIER = "com.yourCompany.Nontent-Extension.Extension";
				PRODUCT_NAME = "Nontent Extension Extension";
				SDKROOT = macosx;
				SKIP_INSTALL = YES;
				SWIFT_EMIT_LOC_STRINGS = YES;
				SWIFT_VERSION = 5.0;
			};
			name = Debug;
		};
		A0E392DF29196BC100D5F991 /* Release */ = {
			isa = XCBuildConfiguration;
			buildSettings = {
				CODE_SIGN_ENTITLEMENTS = "macOS (Extension)/Nontent Extension.entitlements";
				CODE_SIGN_STYLE = Automatic;
				CURRENT_PROJECT_VERSION = 1;
				ENABLE_HARDENED_RUNTIME = YES;
				GENERATE_INFOPLIST_FILE = YES;
				INFOPLIST_FILE = "macOS (Extension)/Info.plist";
				INFOPLIST_KEY_CFBundleDisplayName = "Nontent Extension Extension";
				INFOPLIST_KEY_NSHumanReadableCopyright = "";
				LD_RUNPATH_SEARCH_PATHS = (
					"$(inherited)",
					"@executable_path/../Frameworks",
					"@executable_path/../../../../Frameworks",
				);
				MACOSX_DEPLOYMENT_TARGET = 10.14;
				MARKETING_VERSION = 1.0;
				OTHER_LDFLAGS = (
					"-framework",
					SafariServices,
				);
				PRODUCT_BUNDLE_IDENTIFIER = "com.yourCompany.Nontent-Extension.Extension";
				PRODUCT_NAME = "Nontent Extension Extension";
				SDKROOT = macosx;
				SKIP_INSTALL = YES;
				SWIFT_EMIT_LOC_STRINGS = YES;
				SWIFT_VERSION = 5.0;
			};
			name = Release;
		};
		A0E392E229196BC100D5F991 /* Debug */ = {
			isa = XCBuildConfiguration;
			buildSettings = {
				ALWAYS_EMBED_SWIFT_STANDARD_LIBRARIES = YES;
				ASSETCATALOG_COMPILER_APPICON_NAME = AppIcon;
				ASSETCATALOG_COMPILER_GLOBAL_ACCENT_COLOR_NAME = AccentColor;
				CODE_SIGN_ENTITLEMENTS = "macOS (App)/Nontent Extension.entitlements";
				CODE_SIGN_STYLE = Automatic;
				CURRENT_PROJECT_VERSION = 1;
				ENABLE_HARDENED_RUNTIME = YES;
				GENERATE_INFOPLIST_FILE = YES;
				INFOPLIST_FILE = "macOS (App)/Info.plist";
				INFOPLIST_KEY_CFBundleDisplayName = "Nontent Extension";
				INFOPLIST_KEY_NSMainStoryboardFile = Main;
				INFOPLIST_KEY_NSPrincipalClass = NSApplication;
				LD_RUNPATH_SEARCH_PATHS = (
					"$(inherited)",
					"@executable_path/../Frameworks",
				);
				MACOSX_DEPLOYMENT_TARGET = 10.14;
				MARKETING_VERSION = 1.0;
				OTHER_LDFLAGS = (
					"-framework",
					SafariServices,
					"-framework",
					WebKit,
				);
				PRODUCT_BUNDLE_IDENTIFIER = "com.yourCompany.Nontent-Extension";
				PRODUCT_NAME = "Nontent Extension";
				SDKROOT = macosx;
				SWIFT_EMIT_LOC_STRINGS = YES;
				SWIFT_VERSION = 5.0;
			};
			name = Debug;
		};
		A0E392E329196BC100D5F991 /* Release */ = {
			isa = XCBuildConfiguration;
			buildSettings = {
				ALWAYS_EMBED_SWIFT_STANDARD_LIBRARIES = YES;
				ASSETCATALOG_COMPILER_APPICON_NAME = AppIcon;
				ASSETCATALOG_COMPILER_GLOBAL_ACCENT_COLOR_NAME = AccentColor;
				CODE_SIGN_ENTITLEMENTS = "macOS (App)/Nontent Extension.entitlements";
				CODE_SIGN_STYLE = Automatic;
				CURRENT_PROJECT_VERSION = 1;
				ENABLE_HARDENED_RUNTIME = YES;
				GENERATE_INFOPLIST_FILE = YES;
				INFOPLIST_FILE = "macOS (App)/Info.plist";
				INFOPLIST_KEY_CFBundleDisplayName = "Nontent Extension";
				INFOPLIST_KEY_NSMainStoryboardFile = Main;
				INFOPLIST_KEY_NSPrincipalClass = NSApplication;
				LD_RUNPATH_SEARCH_PATHS = (
					"$(inherited)",
					"@executable_path/../Frameworks",
				);
				MACOSX_DEPLOYMENT_TARGET = 10.14;
				MARKETING_VERSION = 1.0;
				OTHER_LDFLAGS = (
					"-framework",
					SafariServices,
					"-framework",
					WebKit,
				);
				PRODUCT_BUNDLE_IDENTIFIER = "com.yourCompany.Nontent-Extension";
				PRODUCT_NAME = "Nontent Extension";
				SDKROOT = macosx;
				SWIFT_EMIT_LOC_STRINGS = YES;
				SWIFT_VERSION = 5.0;
			};
			name = Release;
		};
/* End XCBuildConfiguration section */

/* Begin XCConfigurationList section */
		A0E3928629196BC000D5F991 /* Build configuration list for PBXProject "Nontent Extension" */ = {
			isa = XCConfigurationList;
			buildConfigurations = (
				A0E392D429196BC100D5F991 /* Debug */,
				A0E392D529196BC100D5F991 /* Release */,
			);
			defaultConfigurationIsVisible = 0;
			defaultConfigurationName = Release;
		};
		A0E392D629196BC100D5F991 /* Build configuration list for PBXNativeTarget "Nontent Extension Extension (iOS)" */ = {
			isa = XCConfigurationList;
			buildConfigurations = (
				A0E392D729196BC100D5F991 /* Debug */,
				A0E392D829196BC100D5F991 /* Release */,
			);
			defaultConfigurationIsVisible = 0;
			defaultConfigurationName = Release;
		};
		A0E392DA29196BC100D5F991 /* Build configuration list for PBXNativeTarget "Nontent Extension (iOS)" */ = {
			isa = XCConfigurationList;
			buildConfigurations = (
				A0E392DB29196BC100D5F991 /* Debug */,
				A0E392DC29196BC100D5F991 /* Release */,
			);
			defaultConfigurationIsVisible = 0;
			defaultConfigurationName = Release;
		};
		A0E392DD29196BC100D5F991 /* Build configuration list for PBXNativeTarget "Nontent Extension Extension (macOS)" */ = {
			isa = XCConfigurationList;
			buildConfigurations = (
				A0E392DE29196BC100D5F991 /* Debug */,
				A0E392DF29196BC100D5F991 /* Release */,
			);
			defaultConfigurationIsVisible = 0;
			defaultConfigurationName = Release;
		};
		A0E392E129196BC100D5F991 /* Build configuration list for PBXNativeTarget "Nontent Extension (macOS)" */ = {
			isa = XCConfigurationList;
			buildConfigurations = (
				A0E392E229196BC100D5F991 /* Debug */,
				A0E392E329196BC100D5F991 /* Release */,
			);
			defaultConfigurationIsVisible = 0;
			defaultConfigurationName = Release;
		};
/* End XCConfigurationList section */
	};
	rootObject = A0E3928329196BC000D5F991 /* Project object */;
}
